
Microsoft Visual Studio Solution File, Format Version 12.00
# Visual Studio Version 16
VisualStudioVersion = 16.0.28803.156
MinimumVisualStudioVersion = 15.0.26124.0
Project("{9A19103F-16F7-4668-BE54-9A1E7A4F7556}") = "Deeproxio.UserManagement.API", "Deeproxio.UserManagement.API\Deeproxio.UserManagement.API.csproj", "{317FBBBC-BB9C-4E67-88DA-52379058C755}"
EndProject
Project("{9A19103F-16F7-4668-BE54-9A1E7A4F7556}") = "Deeproxio.Infrastructure", "Deeproxio.Infrastructure\Deeproxio.Infrastructure.csproj", "{AEB85BEE-B71A-4F07-8052-DDE0ADE0F85A}"
EndProject
Project("{2150E333-8FDC-42A3-9474-1A3956D46DE8}") = "Application", "Application", "{56698304-D3CA-4447-A733-B232A849D3B7}"
EndProject
Project("{2150E333-8FDC-42A3-9474-1A3956D46DE8}") = "Core", "Core", "{E62168AF-4A31-4FF9-88FD-A63264F6E775}"
EndProject
Project("{9A19103F-16F7-4668-BE54-9A1E7A4F7556}") = "Deeproxio.Persistence.Identity", "Deeproxio.Persistence.Identity\Deeproxio.Persistence.Identity.csproj", "{43411A10-3C41-418F-B7A5-2CE1BE0C829A}"
EndProject
Project("{2150E333-8FDC-42A3-9474-1A3956D46DE8}") = "Solution Items", "Solution Items", "{3D4915F5-6605-4DBB-A1AD-336065224616}"
	ProjectSection(SolutionItems) = preProject
		.editorconfig = .editorconfig
		README.md = README.md
	EndProjectSection
EndProject
Project("{9A19103F-16F7-4668-BE54-9A1E7A4F7556}") = "Deeproxio.Persistence.Identity.Migration", "Deeproxio.Persistence.Identity.Migration\Deeproxio.Persistence.Identity.Migration.csproj", "{0DCC8BEF-0C45-4C63-88F2-98B6BA884E66}"
EndProject
Global
	GlobalSection(SolutionConfigurationPlatforms) = preSolution
		Debug|Any CPU = Debug|Any CPU
		Debug|x64 = Debug|x64
		Debug|x86 = Debug|x86
		Release|Any CPU = Release|Any CPU
		Release|x64 = Release|x64
		Release|x86 = Release|x86
	EndGlobalSection
	GlobalSection(ProjectConfigurationPlatforms) = postSolution
		{317FBBBC-BB9C-4E67-88DA-52379058C755}.Debug|Any CPU.ActiveCfg = Debug|Any CPU
		{317FBBBC-BB9C-4E67-88DA-52379058C755}.Debug|Any CPU.Build.0 = Debug|Any CPU
		{317FBBBC-BB9C-4E67-88DA-52379058C755}.Debug|x64.ActiveCfg = Debug|Any CPU
		{317FBBBC-BB9C-4E67-88DA-52379058C755}.Debug|x64.Build.0 = Debug|Any CPU
		{317FBBBC-BB9C-4E67-88DA-52379058C755}.Debug|x86.ActiveCfg = Debug|Any CPU
		{317FBBBC-BB9C-4E67-88DA-52379058C755}.Debug|x86.Build.0 = Debug|Any CPU
		{317FBBBC-BB9C-4E67-88DA-52379058C755}.Release|Any CPU.ActiveCfg = Release|Any CPU
		{317FBBBC-BB9C-4E67-88DA-52379058C755}.Release|Any CPU.Build.0 = Release|Any CPU
		{317FBBBC-BB9C-4E67-88DA-52379058C755}.Release|x64.ActiveCfg = Release|Any CPU
		{317FBBBC-BB9C-4E67-88DA-52379058C755}.Release|x64.Build.0 = Release|Any CPU
		{317FBBBC-BB9C-4E67-88DA-52379058C755}.Release|x86.ActiveCfg = Release|Any CPU
		{317FBBBC-BB9C-4E67-88DA-52379058C755}.Release|x86.Build.0 = Release|Any CPU
		{AEB85BEE-B71A-4F07-8052-DDE0ADE0F85A}.Debug|Any CPU.ActiveCfg = Debug|Any CPU
		{AEB85BEE-B71A-4F07-8052-DDE0ADE0F85A}.Debug|Any CPU.Build.0 = Debug|Any CPU
		{AEB85BEE-B71A-4F07-8052-DDE0ADE0F85A}.Debug|x64.ActiveCfg = Debug|Any CPU
		{AEB85BEE-B71A-4F07-8052-DDE0ADE0F85A}.Debug|x64.Build.0 = Debug|Any CPU
		{AEB85BEE-B71A-4F07-8052-DDE0ADE0F85A}.Debug|x86.ActiveCfg = Debug|Any CPU
		{AEB85BEE-B71A-4F07-8052-DDE0ADE0F85A}.Debug|x86.Build.0 = Debug|Any CPU
		{AEB85BEE-B71A-4F07-8052-DDE0ADE0F85A}.Release|Any CPU.ActiveCfg = Release|Any CPU
		{AEB85BEE-B71A-4F07-8052-DDE0ADE0F85A}.Release|Any CPU.Build.0 = Release|Any CPU
		{AEB85BEE-B71A-4F07-8052-DDE0ADE0F85A}.Release|x64.ActiveCfg = Release|Any CPU
		{AEB85BEE-B71A-4F07-8052-DDE0ADE0F85A}.Release|x64.Build.0 = Release|Any CPU
		{AEB85BEE-B71A-4F07-8052-DDE0ADE0F85A}.Release|x86.ActiveCfg = Release|Any CPU
		{AEB85BEE-B71A-4F07-8052-DDE0ADE0F85A}.Release|x86.Build.0 = Release|Any CPU
		{43411A10-3C41-418F-B7A5-2CE1BE0C829A}.Debug|Any CPU.ActiveCfg = Debug|Any CPU
		{43411A10-3C41-418F-B7A5-2CE1BE0C829A}.Debug|Any CPU.Build.0 = Debug|Any CPU
		{43411A10-3C41-418F-B7A5-2CE1BE0C829A}.Debug|x64.ActiveCfg = Debug|Any CPU
		{43411A10-3C41-418F-B7A5-2CE1BE0C829A}.Debug|x64.Build.0 = Debug|Any CPU
		{43411A10-3C41-418F-B7A5-2CE1BE0C829A}.Debug|x86.ActiveCfg = Debug|Any CPU
		{43411A10-3C41-418F-B7A5-2CE1BE0C829A}.Debug|x86.Build.0 = Debug|Any CPU
		{43411A10-3C41-418F-B7A5-2CE1BE0C829A}.Release|Any CPU.ActiveCfg = Release|Any CPU
		{43411A10-3C41-418F-B7A5-2CE1BE0C829A}.Release|Any CPU.Build.0 = Release|Any CPU
		{43411A10-3C41-418F-B7A5-2CE1BE0C829A}.Release|x64.ActiveCfg = Release|Any CPU
		{43411A10-3C41-418F-B7A5-2CE1BE0C829A}.Release|x64.Build.0 = Release|Any CPU
		{43411A10-3C41-418F-B7A5-2CE1BE0C829A}.Release|x86.ActiveCfg = Release|Any CPU
		{43411A10-3C41-418F-B7A5-2CE1BE0C829A}.Release|x86.Build.0 = Release|Any CPU
		{0DCC8BEF-0C45-4C63-88F2-98B6BA884E66}.Debug|Any CPU.ActiveCfg = Debug|Any CPU
		{0DCC8BEF-0C45-4C63-88F2-98B6BA884E66}.Debug|Any CPU.Build.0 = Debug|Any CPU
		{0DCC8BEF-0C45-4C63-88F2-98B6BA884E66}.Debug|x64.ActiveCfg = Debug|Any CPU
		{0DCC8BEF-0C45-4C63-88F2-98B6BA884E66}.Debug|x64.Build.0 = Debug|Any CPU
		{0DCC8BEF-0C45-4C63-88F2-98B6BA884E66}.Debug|x86.ActiveCfg = Debug|Any CPU
		{0DCC8BEF-0C45-4C63-88F2-98B6BA884E66}.Debug|x86.Build.0 = Debug|Any CPU
		{0DCC8BEF-0C45-4C63-88F2-98B6BA884E66}.Release|Any CPU.ActiveCfg = Release|Any CPU
		{0DCC8BEF-0C45-4C63-88F2-98B6BA884E66}.Release|Any CPU.Build.0 = Release|Any CPU
		{0DCC8BEF-0C45-4C63-88F2-98B6BA884E66}.Release|x64.ActiveCfg = Release|Any CPU
		{0DCC8BEF-0C45-4C63-88F2-98B6BA884E66}.Release|x64.Build.0 = Release|Any CPU
		{0DCC8BEF-0C45-4C63-88F2-98B6BA884E66}.Release|x86.ActiveCfg = Release|Any CPU
		{0DCC8BEF-0C45-4C63-88F2-98B6BA884E66}.Release|x86.Build.0 = Release|Any CPU
	EndGlobalSection
	GlobalSection(SolutionProperties) = preSolution
		HideSolutionNode = FALSE
	EndGlobalSection
	GlobalSection(NestedProjects) = preSolution
		{317FBBBC-BB9C-4E67-88DA-52379058C755} = {56698304-D3CA-4447-A733-B232A849D3B7}
		{AEB85BEE-B71A-4F07-8052-DDE0ADE0F85A} = {E62168AF-4A31-4FF9-88FD-A63264F6E775}
		{43411A10-3C41-418F-B7A5-2CE1BE0C829A} = {E62168AF-4A31-4FF9-88FD-A63264F6E775}
		{0DCC8BEF-0C45-4C63-88F2-98B6BA884E66} = {E62168AF-4A31-4FF9-88FD-A63264F6E775}
	EndGlobalSection
	GlobalSection(ExtensibilityGlobals) = postSolution
		SolutionGuid = {67A9FBA0-ADC2-488F-AD34-02CA3DE4D9BE}
	EndGlobalSection
EndGlobal
